{
  "originHash" : "9570a739c2e37750c59936cae84431932dc94131e553ebf8231366867f0251cc",
  "pins" : [
    {
      "identity" : "rowingkit",
      "kind" : "remoteSourceControl",
      "location" : "https://github.com/TheFern2/RowingKit",
      "state" : {
        "revision" : "1aa36c40a5f20a7813386cea165dcbed472e04a7",
        "version" : "0.2.0"
      }
    }
  ],
  "version" : 3
}
